
Microsoft Visual Studio Solution File, Format Version 12.00
# Visual Studio Version 16
VisualStudioVersion = 16.0.29306.81
MinimumVisualStudioVersion = 10.0.40219.1
Project("{FAE04EC0-301F-11D3-BF4B-00C04F79EFBC}") = "BookApi", "BookApi\BookApi.csproj", "{B5208C4A-8F7A-4ABE-8048-7AF49639372F}"
EndProject
Global
	GlobalSection(SolutionConfigurationPlatforms) = preSolution
		Debug|Any CPU = Debug|Any CPU
		Release|Any CPU = Release|Any CPU
	EndGlobalSection
	GlobalSection(ProjectConfigurationPlatforms) = postSolution
		{B5208C4A-8F7A-4ABE-8048-7AF49639372F}.Debug|Any CPU.ActiveCfg = Debug|Any CPU
		{B5208C4A-8F7A-4ABE-8048-7AF49639372F}.Debug|Any CPU.Build.0 = Debug|Any CPU
		{B5208C4A-8F7A-4ABE-8048-7AF49639372F}.Release|Any CPU.ActiveCfg = Release|Any CPU
		{B5208C4A-8F7A-4ABE-8048-7AF49639372F}.Release|Any CPU.Build.0 = Release|Any CPU
	EndGlobalSection
	GlobalSection(SolutionProperties) = preSolution
		HideSolutionNode = FALSE
	EndGlobalSection
	GlobalSection(ExtensibilityGlobals) = postSolution
		SolutionGuid = {F572CC1B-99FA-40E8-A8E1-E3E94EC58129}
	EndGlobalSection
EndGlobal
